// !$*UTF8*$!
{
	archiveVersion = 1;
	classes = {
	};
	objectVersion = 51;
	objects = {

/* Begin PBXBuildFile section */
		5B1408A124DC9A1B003626EE /* GiftHunteriOSApp.swift in Sources */ = {isa = PBXBuildFile; fileRef = 5B1408A024DC9A1B003626EE /* GiftHunteriOSApp.swift */; };
		5B1408A324DC9A1B003626EE /* ContentView.swift in Sources */ = {isa = PBXBuildFile; fileRef = 5B1408A224DC9A1B003626EE /* ContentView.swift */; };
		5B1408A524DC9A1D003626EE /* Assets.xcassets in Resources */ = {isa = PBXBuildFile; fileRef = 5B1408A424DC9A1D003626EE /* Assets.xcassets */; };
		5B1408A824DC9A1D003626EE /* Preview Assets.xcassets in Resources */ = {isa = PBXBuildFile; fileRef = 5B1408A724DC9A1D003626EE /* Preview Assets.xcassets */; };
		5B1408B324DC9A1D003626EE /* GiftHunteriOSTests.swift in Sources */ = {isa = PBXBuildFile; fileRef = 5B1408B224DC9A1D003626EE /* GiftHunteriOSTests.swift */; };
		5B1408BE24DC9A1E003626EE /* GiftHunteriOSUITests.swift in Sources */ = {isa = PBXBuildFile; fileRef = 5B1408BD24DC9A1E003626EE /* GiftHunteriOSUITests.swift */; };
		5B1408CD24DC9A68003626EE /* FirebaseSession.swift in Sources */ = {isa = PBXBuildFile; fileRef = 5B1408CC24DC9A68003626EE /* FirebaseSession.swift */; };
		5B1408D024DC9B39003626EE /* User.swift in Sources */ = {isa = PBXBuildFile; fileRef = 5B1408CF24DC9B39003626EE /* User.swift */; };
		5B1408D524DC9B58003626EE /* ImageLoader.swift in Sources */ = {isa = PBXBuildFile; fileRef = 5B1408D224DC9B58003626EE /* ImageLoader.swift */; };
		5B1408D724DC9B58003626EE /* AsyncImage.swift in Sources */ = {isa = PBXBuildFile; fileRef = 5B1408D424DC9B58003626EE /* AsyncImage.swift */; };
		5B1408DA24DC9BFA003626EE /* Localizations.swift in Sources */ = {isa = PBXBuildFile; fileRef = 5B1408D924DC9BFA003626EE /* Localizations.swift */; };
		5B1408DC24DC9BFF003626EE /* View+Extension.swift in Sources */ = {isa = PBXBuildFile; fileRef = 5B1408DB24DC9BFF003626EE /* View+Extension.swift */; };
		5B1408DE24DC9C07003626EE /* WebViewController.swift in Sources */ = {isa = PBXBuildFile; fileRef = 5B1408DD24DC9C07003626EE /* WebViewController.swift */; };
		5B1408E024DC9C46003626EE /* LoginView.swift in Sources */ = {isa = PBXBuildFile; fileRef = 5B1408DF24DC9C46003626EE /* LoginView.swift */; };
		5B1408E224DC9C55003626EE /* RegisterView.swift in Sources */ = {isa = PBXBuildFile; fileRef = 5B1408E124DC9C55003626EE /* RegisterView.swift */; };
		5B1408E824DC9D57003626EE /* DashboardView.swift in Sources */ = {isa = PBXBuildFile; fileRef = 5B1408E724DC9D57003626EE /* DashboardView.swift */; };
		5B1408EF24DD1A33003626EE /* Sidebar.swift in Sources */ = {isa = PBXBuildFile; fileRef = 5B1408EE24DD1A33003626EE /* Sidebar.swift */; };
		5B1408F424DD1ACD003626EE /* SettingsView.swift in Sources */ = {isa = PBXBuildFile; fileRef = 5B1408F324DD1ACD003626EE /* SettingsView.swift */; };
		5B1408F724DD1B31003626EE /* TabBar.swift in Sources */ = {isa = PBXBuildFile; fileRef = 5B1408F624DD1B31003626EE /* TabBar.swift */; };
		5B1408FC24DD204C003626EE /* AccountSettingsView.swift in Sources */ = {isa = PBXBuildFile; fileRef = 5B1408FB24DD204C003626EE /* AccountSettingsView.swift */; };
		5B14090024DDC897003626EE /* HomeView.swift in Sources */ = {isa = PBXBuildFile; fileRef = 5B1408FF24DDC897003626EE /* HomeView.swift */; };
		5B14090224DDE922003626EE /* String+Extension.swift in Sources */ = {isa = PBXBuildFile; fileRef = 5B14090124DDE922003626EE /* String+Extension.swift */; };
		5B14090624DDEC9C003626EE /* Questions.swift in Sources */ = {isa = PBXBuildFile; fileRef = 5B14090524DDEC9C003626EE /* Questions.swift */; };
		5B167E3425852F620087DCD4 /* ViewList.swift in Sources */ = {isa = PBXBuildFile; fileRef = 5B167E3325852F620087DCD4 /* ViewList.swift */; };
		5B167E40258588190087DCD4 /* Window+Extension.swift in Sources */ = {isa = PBXBuildFile; fileRef = 5B167E3F258588190087DCD4 /* Window+Extension.swift */; };
		5B18FB362585921A00069AE5 /* CreateQuizView.swift in Sources */ = {isa = PBXBuildFile; fileRef = 5B18FB352585921A00069AE5 /* CreateQuizView.swift */; };
		5B18FB3B2585922300069AE5 /* CreateQuizViewModel.swift in Sources */ = {isa = PBXBuildFile; fileRef = 5B18FB3A2585922300069AE5 /* CreateQuizViewModel.swift */; };
		5B18FB402585E85C00069AE5 /* Profile.swift in Sources */ = {isa = PBXBuildFile; fileRef = 5B18FB3F2585E85C00069AE5 /* Profile.swift */; };
		5B1C23862583CCD000ADAE8D /* HomeViewModel.swift in Sources */ = {isa = PBXBuildFile; fileRef = 5B1C23852583CCD000ADAE8D /* HomeViewModel.swift */; };
		5B1ECCCD24DE26EA0077BFBC /* FirebaseDataService.swift in Sources */ = {isa = PBXBuildFile; fileRef = 5B1ECCCC24DE26EA0077BFBC /* FirebaseDataService.swift */; };
		5B2870BF2586B0FB00B1CE95 /* UserResultsView.swift in Sources */ = {isa = PBXBuildFile; fileRef = 5B2870BE2586B0FB00B1CE95 /* UserResultsView.swift */; };
		5B2870C42586B10800B1CE95 /* UserResultsViewModel.swift in Sources */ = {isa = PBXBuildFile; fileRef = 5B2870C32586B10800B1CE95 /* UserResultsViewModel.swift */; };
		5B2870C92586CAFB00B1CE95 /* UserResult.swift in Sources */ = {isa = PBXBuildFile; fileRef = 5B2870C82586CAFB00B1CE95 /* UserResult.swift */; };
		5B6118FC258306980023AABE /* GoogleService-Info.plist in Resources */ = {isa = PBXBuildFile; fileRef = 5B6118FB258306980023AABE /* GoogleService-Info.plist */; };
		5B8A078C257C6FAB007EEBCE /* QuizResultView.swift in Sources */ = {isa = PBXBuildFile; fileRef = 5B8A078B257C6FAB007EEBCE /* QuizResultView.swift */; };
		5B8A0794257C6FD3007EEBCE /* QuizResultViewModel.swift in Sources */ = {isa = PBXBuildFile; fileRef = 5B8A0793257C6FD3007EEBCE /* QuizResultViewModel.swift */; };
		5B8A079C257CD85D007EEBCE /* Status.swift in Sources */ = {isa = PBXBuildFile; fileRef = 5B8A079B257CD85D007EEBCE /* Status.swift */; };
		5B9991C72582C1E900470B4C /* VerifyPINView.swift in Sources */ = {isa = PBXBuildFile; fileRef = 5B9991C62582C1E900470B4C /* VerifyPINView.swift */; };
		5B9991CF2582C1F500470B4C /* VerifyPINViewModel.swift in Sources */ = {isa = PBXBuildFile; fileRef = 5B9991CE2582C1F500470B4C /* VerifyPINViewModel.swift */; };
		5BC0E39F257DDCC9001A6960 /* DeviceType.swift in Sources */ = {isa = PBXBuildFile; fileRef = 5BC0E39E257DDCC9001A6960 /* DeviceType.swift */; };
		5BC0E3A4257DDD8F001A6960 /* BaseSize.swift in Sources */ = {isa = PBXBuildFile; fileRef = 5BC0E3A3257DDD8F001A6960 /* BaseSize.swift */; };
		5BC0E3AF257DEA65001A6960 /* QuestionsHomeView.swift in Sources */ = {isa = PBXBuildFile; fileRef = 5BC0E3AE257DEA65001A6960 /* QuestionsHomeView.swift */; };
		5BC0E3B8257DF115001A6960 /* HomeRouterView.swift in Sources */ = {isa = PBXBuildFile; fileRef = 5BC0E3B7257DF115001A6960 /* HomeRouterView.swift */; };
		5BC0E3BD257DF147001A6960 /* ViewRouter.swift in Sources */ = {isa = PBXBuildFile; fileRef = 5BC0E3BC257DF147001A6960 /* ViewRouter.swift */; };
		5BC0E3C2257E05BC001A6960 /* LoadingView.swift in Sources */ = {isa = PBXBuildFile; fileRef = 5BC0E3C1257E05BC001A6960 /* LoadingView.swift */; };
		5BCA9CC1258A940300B54022 /* QuizService.swift in Sources */ = {isa = PBXBuildFile; fileRef = 5BCA9CC0258A940300B54022 /* QuizService.swift */; };
		5BE4D1BE24DE65D100C18A8E /* CloseButton.swift in Sources */ = {isa = PBXBuildFile; fileRef = 5BE4D1BD24DE65D100C18A8E /* CloseButton.swift */; };
		5BE4D1C024DF1D2B00C18A8E /* Toast.swift in Sources */ = {isa = PBXBuildFile; fileRef = 5BE4D1BF24DF1D2B00C18A8E /* Toast.swift */; };
		5BE4D1C824DF546000C18A8E /* Localizable.strings in Resources */ = {isa = PBXBuildFile; fileRef = 5BE4D1CA24DF546000C18A8E /* Localizable.strings */; };
		5BE4D1CE24DF6C0900C18A8E /* AboutView.swift in Sources */ = {isa = PBXBuildFile; fileRef = 5BE4D1CD24DF6C0900C18A8E /* AboutView.swift */; };
		5BE4D1D024DF6CD400C18A8E /* ImagePicker.swift in Sources */ = {isa = PBXBuildFile; fileRef = 5BE4D1CF24DF6CD400C18A8E /* ImagePicker.swift */; };
		5BE4D1E124E0BD5400C18A8E /* DisplayPicture.swift in Sources */ = {isa = PBXBuildFile; fileRef = 5BE4D1E024E0BD5400C18A8E /* DisplayPicture.swift */; };
		60E245DF2557E7598322AF88 /* Pods_GiftHunteriOS.framework in Frameworks */ = {isa = PBXBuildFile; fileRef = 33C2339FE8CFB451CC92791B /* Pods_GiftHunteriOS.framework */; };
		BB6739F2AA2D07D73C81826C /* Pods_GiftHunteriOSTests.framework in Frameworks */ = {isa = PBXBuildFile; fileRef = B8D304EA7EEF9E12B3A490C1 /* Pods_GiftHunteriOSTests.framework */; };
		DA3FF12C257BF5830049106F /* BaseButtonStyle.swift in Sources */ = {isa = PBXBuildFile; fileRef = DA3FF12B257BF5830049106F /* BaseButtonStyle.swift */; };
		DA3FF16A257C10430049106F /* QuestionsViewModel.swift in Sources */ = {isa = PBXBuildFile; fileRef = DA3FF169257C10430049106F /* QuestionsViewModel.swift */; };
		DA3FF16C257C10A00049106F /* QuestionsView.swift in Sources */ = {isa = PBXBuildFile; fileRef = DA3FF16B257C10A00049106F /* QuestionsView.swift */; };
		DA3FF172257C450F0049106F /* AlertProvider.swift in Sources */ = {isa = PBXBuildFile; fileRef = DA3FF171257C450F0049106F /* AlertProvider.swift */; };
		DAA0CFE0257B272A00346647 /* ScoreBoard.swift in Sources */ = {isa = PBXBuildFile; fileRef = DAA0CFDF257B272A00346647 /* ScoreBoard.swift */; };
		DAA0CFE5257B2A1700346647 /* Quiz.swift in Sources */ = {isa = PBXBuildFile; fileRef = DAA0CFE4257B2A1700346647 /* Quiz.swift */; };
		DABF304F2538E33300E3DF28 /* CredentialsView.swift in Sources */ = {isa = PBXBuildFile; fileRef = DABF304E2538E33300E3DF28 /* CredentialsView.swift */; };
		DABF30852539F14F00E3DF28 /* AppConstants.swift in Sources */ = {isa = PBXBuildFile; fileRef = DABF30842539F14F00E3DF28 /* AppConstants.swift */; };
		DABF308A2539FB5800E3DF28 /* APIError.swift in Sources */ = {isa = PBXBuildFile; fileRef = DABF30892539FB5800E3DF28 /* APIError.swift */; };
		DABF308F253A1F2A00E3DF28 /* Monitor.swift in Sources */ = {isa = PBXBuildFile; fileRef = DABF308E253A1F2A00E3DF28 /* Monitor.swift */; };
		DABF30A0253A947A00E3DF28 /* CredentialsViewModel.swift in Sources */ = {isa = PBXBuildFile; fileRef = DABF309F253A947A00E3DF28 /* CredentialsViewModel.swift */; };
		DABF30AB253AA13B00E3DF28 /* ReuseablePublic.swift in Sources */ = {isa = PBXBuildFile; fileRef = DABF30AA253AA13B00E3DF28 /* ReuseablePublic.swift */; };
		DABF30CF253AA67800E3DF28 /* CredentialsUITest.swift in Sources */ = {isa = PBXBuildFile; fileRef = DABF30CE253AA67800E3DF28 /* CredentialsUITest.swift */; };
		DABF30D6254119B900E3DF28 /* BaseTestProtocol.swift in Sources */ = {isa = PBXBuildFile; fileRef = DABF30D5254119B900E3DF28 /* BaseTestProtocol.swift */; };
		DABF30DB254121CC00E3DF28 /* BaseTestClass.swift in Sources */ = {isa = PBXBuildFile; fileRef = DABF30DA254121CC00E3DF28 /* BaseTestClass.swift */; };
		DCBF51A475948DA481806F3E /* Pods_GiftHunteriOS_GiftHunteriOSUITests.framework in Frameworks */ = {isa = PBXBuildFile; fileRef = F70A5F3B1F90CABA41EA3628 /* Pods_GiftHunteriOS_GiftHunteriOSUITests.framework */; };
/* End PBXBuildFile section */

/* Begin PBXContainerItemProxy section */
		5B1408AF24DC9A1D003626EE /* PBXContainerItemProxy */ = {
			isa = PBXContainerItemProxy;
			containerPortal = 5B14089524DC9A1B003626EE /* Project object */;
			proxyType = 1;
			remoteGlobalIDString = 5B14089C24DC9A1B003626EE;
			remoteInfo = GiftHunteriOS;
		};
		5B1408BA24DC9A1E003626EE /* PBXContainerItemProxy */ = {
			isa = PBXContainerItemProxy;
			containerPortal = 5B14089524DC9A1B003626EE /* Project object */;
			proxyType = 1;
			remoteGlobalIDString = 5B14089C24DC9A1B003626EE;
			remoteInfo = GiftHunteriOS;
		};
/* End PBXContainerItemProxy section */

/* Begin PBXFileReference section */
		2670864A32836F99D26B29CB /* Pods-GiftHunteriOS-GiftHunteriOSUITests.debug.xcconfig */ = {isa = PBXFileReference; includeInIndex = 1; lastKnownFileType = text.xcconfig; name = "Pods-GiftHunteriOS-GiftHunteriOSUITests.debug.xcconfig"; path = "Target Support Files/Pods-GiftHunteriOS-GiftHunteriOSUITests/Pods-GiftHunteriOS-GiftHunteriOSUITests.debug.xcconfig"; sourceTree = "<group>"; };
		33C2339FE8CFB451CC92791B /* Pods_GiftHunteriOS.framework */ = {isa = PBXFileReference; explicitFileType = wrapper.framework; includeInIndex = 0; path = Pods_GiftHunteriOS.framework; sourceTree = BUILT_PRODUCTS_DIR; };
		5B14089D24DC9A1B003626EE /* GiftHunteriOS.app */ = {isa = PBXFileReference; explicitFileType = wrapper.application; includeInIndex = 0; path = GiftHunteriOS.app; sourceTree = BUILT_PRODUCTS_DIR; };
		5B1408A024DC9A1B003626EE /* GiftHunteriOSApp.swift */ = {isa = PBXFileReference; lastKnownFileType = sourcecode.swift; path = GiftHunteriOSApp.swift; sourceTree = "<group>"; };
		5B1408A224DC9A1B003626EE /* ContentView.swift */ = {isa = PBXFileReference; lastKnownFileType = sourcecode.swift; path = ContentView.swift; sourceTree = "<group>"; };
		5B1408A424DC9A1D003626EE /* Assets.xcassets */ = {isa = PBXFileReference; lastKnownFileType = folder.assetcatalog; path = Assets.xcassets; sourceTree = "<group>"; };
		5B1408A724DC9A1D003626EE /* Preview Assets.xcassets */ = {isa = PBXFileReference; lastKnownFileType = folder.assetcatalog; path = "Preview Assets.xcassets"; sourceTree = "<group>"; };
		5B1408A924DC9A1D003626EE /* Info.plist */ = {isa = PBXFileReference; lastKnownFileType = text.plist.xml; path = Info.plist; sourceTree = "<group>"; };
		5B1408AE24DC9A1D003626EE /* GiftHunteriOSTests.xctest */ = {isa = PBXFileReference; explicitFileType = wrapper.cfbundle; includeInIndex = 0; path = GiftHunteriOSTests.xctest; sourceTree = BUILT_PRODUCTS_DIR; };
		5B1408B224DC9A1D003626EE /* GiftHunteriOSTests.swift */ = {isa = PBXFileReference; lastKnownFileType = sourcecode.swift; path = GiftHunteriOSTests.swift; sourceTree = "<group>"; };
		5B1408B424DC9A1D003626EE /* Info.plist */ = {isa = PBXFileReference; lastKnownFileType = text.plist.xml; path = Info.plist; sourceTree = "<group>"; };
		5B1408B924DC9A1E003626EE /* GiftHunteriOSUITests.xctest */ = {isa = PBXFileReference; explicitFileType = wrapper.cfbundle; includeInIndex = 0; path = GiftHunteriOSUITests.xctest; sourceTree = BUILT_PRODUCTS_DIR; };
		5B1408BD24DC9A1E003626EE /* GiftHunteriOSUITests.swift */ = {isa = PBXFileReference; lastKnownFileType = sourcecode.swift; path = GiftHunteriOSUITests.swift; sourceTree = "<group>"; };
		5B1408BF24DC9A1E003626EE /* Info.plist */ = {isa = PBXFileReference; lastKnownFileType = text.plist.xml; path = Info.plist; sourceTree = "<group>"; };
		5B1408CC24DC9A68003626EE /* FirebaseSession.swift */ = {isa = PBXFileReference; fileEncoding = 4; lastKnownFileType = sourcecode.swift; name = FirebaseSession.swift; path = ../Session/FirebaseSession.swift; sourceTree = "<group>"; };
		5B1408CF24DC9B39003626EE /* User.swift */ = {isa = PBXFileReference; fileEncoding = 4; lastKnownFileType = sourcecode.swift; path = User.swift; sourceTree = "<group>"; };
		5B1408D224DC9B58003626EE /* ImageLoader.swift */ = {isa = PBXFileReference; fileEncoding = 4; lastKnownFileType = sourcecode.swift; path = ImageLoader.swift; sourceTree = "<group>"; };
		5B1408D424DC9B58003626EE /* AsyncImage.swift */ = {isa = PBXFileReference; fileEncoding = 4; lastKnownFileType = sourcecode.swift; path = AsyncImage.swift; sourceTree = "<group>"; };
		5B1408D924DC9BFA003626EE /* Localizations.swift */ = {isa = PBXFileReference; fileEncoding = 4; lastKnownFileType = sourcecode.swift; path = Localizations.swift; sourceTree = "<group>"; };
		5B1408DB24DC9BFF003626EE /* View+Extension.swift */ = {isa = PBXFileReference; fileEncoding = 4; lastKnownFileType = sourcecode.swift; path = "View+Extension.swift"; sourceTree = "<group>"; };
		5B1408DD24DC9C07003626EE /* WebViewController.swift */ = {isa = PBXFileReference; fileEncoding = 4; lastKnownFileType = sourcecode.swift; path = WebViewController.swift; sourceTree = "<group>"; };
		5B1408DF24DC9C46003626EE /* LoginView.swift */ = {isa = PBXFileReference; lastKnownFileType = sourcecode.swift; path = LoginView.swift; sourceTree = "<group>"; };
		5B1408E124DC9C55003626EE /* RegisterView.swift */ = {isa = PBXFileReference; lastKnownFileType = sourcecode.swift; path = RegisterView.swift; sourceTree = "<group>"; };
		5B1408E724DC9D57003626EE /* DashboardView.swift */ = {isa = PBXFileReference; lastKnownFileType = sourcecode.swift; path = DashboardView.swift; sourceTree = "<group>"; };
		5B1408EE24DD1A33003626EE /* Sidebar.swift */ = {isa = PBXFileReference; lastKnownFileType = sourcecode.swift; path = Sidebar.swift; sourceTree = "<group>"; };
		5B1408F324DD1ACD003626EE /* SettingsView.swift */ = {isa = PBXFileReference; lastKnownFileType = sourcecode.swift; path = SettingsView.swift; sourceTree = "<group>"; };
		5B1408F624DD1B31003626EE /* TabBar.swift */ = {isa = PBXFileReference; lastKnownFileType = sourcecode.swift; path = TabBar.swift; sourceTree = "<group>"; };
		5B1408FB24DD204C003626EE /* AccountSettingsView.swift */ = {isa = PBXFileReference; lastKnownFileType = sourcecode.swift; path = AccountSettingsView.swift; sourceTree = "<group>"; };
		5B1408FF24DDC897003626EE /* HomeView.swift */ = {isa = PBXFileReference; lastKnownFileType = sourcecode.swift; path = HomeView.swift; sourceTree = "<group>"; };
		5B14090124DDE922003626EE /* String+Extension.swift */ = {isa = PBXFileReference; lastKnownFileType = sourcecode.swift; path = "String+Extension.swift"; sourceTree = "<group>"; };
		5B14090524DDEC9C003626EE /* Questions.swift */ = {isa = PBXFileReference; lastKnownFileType = sourcecode.swift; path = Questions.swift; sourceTree = "<group>"; };
		5B167E3325852F620087DCD4 /* ViewList.swift */ = {isa = PBXFileReference; lastKnownFileType = sourcecode.swift; path = ViewList.swift; sourceTree = "<group>"; };
		5B167E3F258588190087DCD4 /* Window+Extension.swift */ = {isa = PBXFileReference; fileEncoding = 4; lastKnownFileType = sourcecode.swift; path = "Window+Extension.swift"; sourceTree = "<group>"; };
		5B18FB352585921A00069AE5 /* CreateQuizView.swift */ = {isa = PBXFileReference; lastKnownFileType = sourcecode.swift; path = CreateQuizView.swift; sourceTree = "<group>"; };
		5B18FB3A2585922300069AE5 /* CreateQuizViewModel.swift */ = {isa = PBXFileReference; lastKnownFileType = sourcecode.swift; path = CreateQuizViewModel.swift; sourceTree = "<group>"; };
		5B18FB3F2585E85C00069AE5 /* Profile.swift */ = {isa = PBXFileReference; lastKnownFileType = sourcecode.swift; path = Profile.swift; sourceTree = "<group>"; };
		5B1C23852583CCD000ADAE8D /* HomeViewModel.swift */ = {isa = PBXFileReference; lastKnownFileType = sourcecode.swift; path = HomeViewModel.swift; sourceTree = "<group>"; };
		5B1ECCCC24DE26EA0077BFBC /* FirebaseDataService.swift */ = {isa = PBXFileReference; lastKnownFileType = sourcecode.swift; path = FirebaseDataService.swift; sourceTree = "<group>"; };
		5B2870BE2586B0FB00B1CE95 /* UserResultsView.swift */ = {isa = PBXFileReference; lastKnownFileType = sourcecode.swift; path = UserResultsView.swift; sourceTree = "<group>"; };
		5B2870C32586B10800B1CE95 /* UserResultsViewModel.swift */ = {isa = PBXFileReference; lastKnownFileType = sourcecode.swift; path = UserResultsViewModel.swift; sourceTree = "<group>"; };
		5B2870C82586CAFB00B1CE95 /* UserResult.swift */ = {isa = PBXFileReference; lastKnownFileType = sourcecode.swift; path = UserResult.swift; sourceTree = "<group>"; };
		5B6118FB258306980023AABE /* GoogleService-Info.plist */ = {isa = PBXFileReference; fileEncoding = 4; lastKnownFileType = text.plist.xml; path = "GoogleService-Info.plist"; sourceTree = "<group>"; };
		5B8A078B257C6FAB007EEBCE /* QuizResultView.swift */ = {isa = PBXFileReference; lastKnownFileType = sourcecode.swift; path = QuizResultView.swift; sourceTree = "<group>"; };
		5B8A0793257C6FD3007EEBCE /* QuizResultViewModel.swift */ = {isa = PBXFileReference; lastKnownFileType = sourcecode.swift; path = QuizResultViewModel.swift; sourceTree = "<group>"; };
		5B8A079B257CD85D007EEBCE /* Status.swift */ = {isa = PBXFileReference; lastKnownFileType = sourcecode.swift; path = Status.swift; sourceTree = "<group>"; };
		5B9991C62582C1E900470B4C /* VerifyPINView.swift */ = {isa = PBXFileReference; lastKnownFileType = sourcecode.swift; path = VerifyPINView.swift; sourceTree = "<group>"; };
		5B9991CE2582C1F500470B4C /* VerifyPINViewModel.swift */ = {isa = PBXFileReference; lastKnownFileType = sourcecode.swift; path = VerifyPINViewModel.swift; sourceTree = "<group>"; };
		5BC0E39E257DDCC9001A6960 /* DeviceType.swift */ = {isa = PBXFileReference; lastKnownFileType = sourcecode.swift; path = DeviceType.swift; sourceTree = "<group>"; };
		5BC0E3A3257DDD8F001A6960 /* BaseSize.swift */ = {isa = PBXFileReference; lastKnownFileType = sourcecode.swift; path = BaseSize.swift; sourceTree = "<group>"; };
		5BC0E3AE257DEA65001A6960 /* QuestionsHomeView.swift */ = {isa = PBXFileReference; lastKnownFileType = sourcecode.swift; path = QuestionsHomeView.swift; sourceTree = "<group>"; };
		5BC0E3B7257DF115001A6960 /* HomeRouterView.swift */ = {isa = PBXFileReference; lastKnownFileType = sourcecode.swift; path = HomeRouterView.swift; sourceTree = "<group>"; };
		5BC0E3BC257DF147001A6960 /* ViewRouter.swift */ = {isa = PBXFileReference; lastKnownFileType = sourcecode.swift; path = ViewRouter.swift; sourceTree = "<group>"; };
		5BC0E3C1257E05BC001A6960 /* LoadingView.swift */ = {isa = PBXFileReference; lastKnownFileType = sourcecode.swift; path = LoadingView.swift; sourceTree = "<group>"; };
		5BCA9CC0258A940300B54022 /* QuizService.swift */ = {isa = PBXFileReference; lastKnownFileType = sourcecode.swift; path = QuizService.swift; sourceTree = "<group>"; };
		5BE4D1BD24DE65D100C18A8E /* CloseButton.swift */ = {isa = PBXFileReference; lastKnownFileType = sourcecode.swift; path = CloseButton.swift; sourceTree = "<group>"; };
		5BE4D1BF24DF1D2B00C18A8E /* Toast.swift */ = {isa = PBXFileReference; lastKnownFileType = sourcecode.swift; name = Toast.swift; path = ../Utilities/Toast.swift; sourceTree = "<group>"; };
		5BE4D1C924DF546000C18A8E /* en */ = {isa = PBXFileReference; lastKnownFileType = text.plist.strings; name = en; path = en.lproj/Localizable.strings; sourceTree = "<group>"; };
		5BE4D1CD24DF6C0900C18A8E /* AboutView.swift */ = {isa = PBXFileReference; lastKnownFileType = sourcecode.swift; path = AboutView.swift; sourceTree = "<group>"; };
		5BE4D1CF24DF6CD400C18A8E /* ImagePicker.swift */ = {isa = PBXFileReference; lastKnownFileType = sourcecode.swift; path = ImagePicker.swift; sourceTree = "<group>"; };
		5BE4D1E024E0BD5400C18A8E /* DisplayPicture.swift */ = {isa = PBXFileReference; lastKnownFileType = sourcecode.swift; path = DisplayPicture.swift; sourceTree = "<group>"; };
		7F077A4C7AE66155E2F162D7 /* Pods-GiftHunteriOSTests.release.xcconfig */ = {isa = PBXFileReference; includeInIndex = 1; lastKnownFileType = text.xcconfig; name = "Pods-GiftHunteriOSTests.release.xcconfig"; path = "Target Support Files/Pods-GiftHunteriOSTests/Pods-GiftHunteriOSTests.release.xcconfig"; sourceTree = "<group>"; };
		92B45D319DA7FDCD635A1E4F /* Pods-GiftHunteriOS-GiftHunteriOSUITests.release.xcconfig */ = {isa = PBXFileReference; includeInIndex = 1; lastKnownFileType = text.xcconfig; name = "Pods-GiftHunteriOS-GiftHunteriOSUITests.release.xcconfig"; path = "Target Support Files/Pods-GiftHunteriOS-GiftHunteriOSUITests/Pods-GiftHunteriOS-GiftHunteriOSUITests.release.xcconfig"; sourceTree = "<group>"; };
		B8D304EA7EEF9E12B3A490C1 /* Pods_GiftHunteriOSTests.framework */ = {isa = PBXFileReference; explicitFileType = wrapper.framework; includeInIndex = 0; path = Pods_GiftHunteriOSTests.framework; sourceTree = BUILT_PRODUCTS_DIR; };
		CDEC04C88803D62CE193FF1E /* Pods-GiftHunteriOS.debug.xcconfig */ = {isa = PBXFileReference; includeInIndex = 1; lastKnownFileType = text.xcconfig; name = "Pods-GiftHunteriOS.debug.xcconfig"; path = "Target Support Files/Pods-GiftHunteriOS/Pods-GiftHunteriOS.debug.xcconfig"; sourceTree = "<group>"; };
		DA3FF12B257BF5830049106F /* BaseButtonStyle.swift */ = {isa = PBXFileReference; lastKnownFileType = sourcecode.swift; path = BaseButtonStyle.swift; sourceTree = "<group>"; };
		DA3FF169257C10430049106F /* QuestionsViewModel.swift */ = {isa = PBXFileReference; lastKnownFileType = sourcecode.swift; path = QuestionsViewModel.swift; sourceTree = "<group>"; };
		DA3FF16B257C10A00049106F /* QuestionsView.swift */ = {isa = PBXFileReference; lastKnownFileType = sourcecode.swift; path = QuestionsView.swift; sourceTree = "<group>"; };
		DA3FF171257C450F0049106F /* AlertProvider.swift */ = {isa = PBXFileReference; lastKnownFileType = sourcecode.swift; path = AlertProvider.swift; sourceTree = "<group>"; };
		DAA0CFDF257B272A00346647 /* ScoreBoard.swift */ = {isa = PBXFileReference; lastKnownFileType = sourcecode.swift; path = ScoreBoard.swift; sourceTree = "<group>"; };
		DAA0CFE4257B2A1700346647 /* Quiz.swift */ = {isa = PBXFileReference; lastKnownFileType = sourcecode.swift; path = Quiz.swift; sourceTree = "<group>"; };
		DABF304E2538E33300E3DF28 /* CredentialsView.swift */ = {isa = PBXFileReference; lastKnownFileType = sourcecode.swift; path = CredentialsView.swift; sourceTree = "<group>"; };
		DABF30842539F14F00E3DF28 /* AppConstants.swift */ = {isa = PBXFileReference; lastKnownFileType = sourcecode.swift; path = AppConstants.swift; sourceTree = "<group>"; };
		DABF30892539FB5800E3DF28 /* APIError.swift */ = {isa = PBXFileReference; lastKnownFileType = sourcecode.swift; path = APIError.swift; sourceTree = "<group>"; };
		DABF308E253A1F2A00E3DF28 /* Monitor.swift */ = {isa = PBXFileReference; lastKnownFileType = sourcecode.swift; path = Monitor.swift; sourceTree = "<group>"; };
		DABF309F253A947A00E3DF28 /* CredentialsViewModel.swift */ = {isa = PBXFileReference; lastKnownFileType = sourcecode.swift; path = CredentialsViewModel.swift; sourceTree = "<group>"; };
		DABF30AA253AA13B00E3DF28 /* ReuseablePublic.swift */ = {isa = PBXFileReference; lastKnownFileType = sourcecode.swift; path = ReuseablePublic.swift; sourceTree = "<group>"; };
		DABF30CA253AA44800E3DF28 /* ml-IN */ = {isa = PBXFileReference; lastKnownFileType = text.plist.strings; name = "ml-IN"; path = "ml-IN.lproj/Localizable.strings"; sourceTree = "<group>"; };
		DABF30CE253AA67800E3DF28 /* CredentialsUITest.swift */ = {isa = PBXFileReference; lastKnownFileType = sourcecode.swift; path = CredentialsUITest.swift; sourceTree = "<group>"; };
		DABF30D5254119B900E3DF28 /* BaseTestProtocol.swift */ = {isa = PBXFileReference; lastKnownFileType = sourcecode.swift; path = BaseTestProtocol.swift; sourceTree = "<group>"; };
		DABF30DA254121CC00E3DF28 /* BaseTestClass.swift */ = {isa = PBXFileReference; lastKnownFileType = sourcecode.swift; path = BaseTestClass.swift; sourceTree = "<group>"; };
		DADF2C2D2538B0DF00DB536F /* GiftHunteriOS.entitlements */ = {isa = PBXFileReference; lastKnownFileType = text.plist.entitlements; path = GiftHunteriOS.entitlements; sourceTree = "<group>"; };
		EF364CA004C988A40D173A05 /* Pods-GiftHunteriOSTests.debug.xcconfig */ = {isa = PBXFileReference; includeInIndex = 1; lastKnownFileType = text.xcconfig; name = "Pods-GiftHunteriOSTests.debug.xcconfig"; path = "Target Support Files/Pods-GiftHunteriOSTests/Pods-GiftHunteriOSTests.debug.xcconfig"; sourceTree = "<group>"; };
		F1EFD8FEEEE4DD41F63F54D3 /* Pods-GiftHunteriOS.release.xcconfig */ = {isa = PBXFileReference; includeInIndex = 1; lastKnownFileType = text.xcconfig; name = "Pods-GiftHunteriOS.release.xcconfig"; path = "Target Support Files/Pods-GiftHunteriOS/Pods-GiftHunteriOS.release.xcconfig"; sourceTree = "<group>"; };
		F70A5F3B1F90CABA41EA3628 /* Pods_GiftHunteriOS_GiftHunteriOSUITests.framework */ = {isa = PBXFileReference; explicitFileType = wrapper.framework; includeInIndex = 0; path = Pods_GiftHunteriOS_GiftHunteriOSUITests.framework; sourceTree = BUILT_PRODUCTS_DIR; };
/* End PBXFileReference section */

/* Begin PBXFrameworksBuildPhase section */
		5B14089A24DC9A1B003626EE /* Frameworks */ = {
			isa = PBXFrameworksBuildPhase;
			buildActionMask = 2147483647;
			files = (
				60E245DF2557E7598322AF88 /* Pods_GiftHunteriOS.framework in Frameworks */,
			);
			runOnlyForDeploymentPostprocessing = 0;
		};
		5B1408AB24DC9A1D003626EE /* Frameworks */ = {
			isa = PBXFrameworksBuildPhase;
			buildActionMask = 2147483647;
			files = (
				BB6739F2AA2D07D73C81826C /* Pods_GiftHunteriOSTests.framework in Frameworks */,
			);
			runOnlyForDeploymentPostprocessing = 0;
		};
		5B1408B624DC9A1E003626EE /* Frameworks */ = {
			isa = PBXFrameworksBuildPhase;
			buildActionMask = 2147483647;
			files = (
				DCBF51A475948DA481806F3E /* Pods_GiftHunteriOS_GiftHunteriOSUITests.framework in Frameworks */,
			);
			runOnlyForDeploymentPostprocessing = 0;
		};
/* End PBXFrameworksBuildPhase section */

/* Begin PBXGroup section */
		5B14089424DC9A1B003626EE = {
			isa = PBXGroup;
			children = (
				5B14089F24DC9A1B003626EE /* GiftHunteriOS */,
				5B1408B124DC9A1D003626EE /* GiftHunteriOSTests */,
				5B1408BC24DC9A1E003626EE /* GiftHunteriOSUITests */,
				5B14089E24DC9A1B003626EE /* Products */,
				C15EE25611A8F621B6CB2B26 /* Pods */,
				5EF97833D1A9BA43831E79FE /* Frameworks */,
			);
			sourceTree = "<group>";
		};
		5B14089E24DC9A1B003626EE /* Products */ = {
			isa = PBXGroup;
			children = (
				5B14089D24DC9A1B003626EE /* GiftHunteriOS.app */,
				5B1408AE24DC9A1D003626EE /* GiftHunteriOSTests.xctest */,
				5B1408B924DC9A1E003626EE /* GiftHunteriOSUITests.xctest */,
			);
			name = Products;
			sourceTree = "<group>";
		};
		5B14089F24DC9A1B003626EE /* GiftHunteriOS */ = {
			isa = PBXGroup;
			children = (
				DADF2C2D2538B0DF00DB536F /* GiftHunteriOS.entitlements */,
				5BC0E3CC257E1459001A6960 /* Resources */,
				DA3FF12A257BF5690049106F /* BaseStyles */,
				5BE4D1BC24DE65BD00C18A8E /* Library */,
				5B1408D824DC9BE5003626EE /* Utilities */,
				5B1408D124DC9B58003626EE /* Services */,
				5B1408CE24DC9B2B003626EE /* Models */,
				5B1408A024DC9A1B003626EE /* GiftHunteriOSApp.swift */,
				5B1408A224DC9A1B003626EE /* ContentView.swift */,
				5B1408A924DC9A1D003626EE /* Info.plist */,
				5B1408A624DC9A1D003626EE /* Preview Content */,
				5B1408E324DC9C5E003626EE /* Module */,
			);
			path = GiftHunteriOS;
			sourceTree = "<group>";
		};
		5B1408A624DC9A1D003626EE /* Preview Content */ = {
			isa = PBXGroup;
			children = (
				5B1408A724DC9A1D003626EE /* Preview Assets.xcassets */,
			);
			path = "Preview Content";
			sourceTree = "<group>";
		};
		5B1408B124DC9A1D003626EE /* GiftHunteriOSTests */ = {
			isa = PBXGroup;
			children = (
				5B1408B224DC9A1D003626EE /* GiftHunteriOSTests.swift */,
				5B1408B424DC9A1D003626EE /* Info.plist */,
			);
			path = GiftHunteriOSTests;
			sourceTree = "<group>";
		};
		5B1408BC24DC9A1E003626EE /* GiftHunteriOSUITests */ = {
			isa = PBXGroup;
			children = (
				5B1408BD24DC9A1E003626EE /* GiftHunteriOSUITests.swift */,
				DABF30D5254119B900E3DF28 /* BaseTestProtocol.swift */,
				DABF30CE253AA67800E3DF28 /* CredentialsUITest.swift */,
				5B1408BF24DC9A1E003626EE /* Info.plist */,
				DABF30DA254121CC00E3DF28 /* BaseTestClass.swift */,
			);
			path = GiftHunteriOSUITests;
			sourceTree = "<group>";
		};
		5B1408CE24DC9B2B003626EE /* Models */ = {
			isa = PBXGroup;
			children = (
				5B1408CF24DC9B39003626EE /* User.swift */,
				5B14090524DDEC9C003626EE /* Questions.swift */,
				DAA0CFDF257B272A00346647 /* ScoreBoard.swift */,
				DAA0CFE4257B2A1700346647 /* Quiz.swift */,
				5B167E3325852F620087DCD4 /* ViewList.swift */,
				5B18FB3F2585E85C00069AE5 /* Profile.swift */,
				5B2870C82586CAFB00B1CE95 /* UserResult.swift */,
			);
			path = Models;
			sourceTree = "<group>";
		};
		5B1408D124DC9B58003626EE /* Services */ = {
			isa = PBXGroup;
			children = (
				DABF30892539FB5800E3DF28 /* APIError.swift */,
				5B1408CC24DC9A68003626EE /* FirebaseSession.swift */,
				5B1ECCCC24DE26EA0077BFBC /* FirebaseDataService.swift */,
				5B8A079B257CD85D007EEBCE /* Status.swift */,
				5BCA9CC0258A940300B54022 /* QuizService.swift */,
			);
			path = Services;
			sourceTree = "<group>";
		};
		5B1408D824DC9BE5003626EE /* Utilities */ = {
			isa = PBXGroup;
			children = (
				5B1408DB24DC9BFF003626EE /* View+Extension.swift */,
				5B1408DD24DC9C07003626EE /* WebViewController.swift */,
				5B1408D924DC9BFA003626EE /* Localizations.swift */,
				DABF308E253A1F2A00E3DF28 /* Monitor.swift */,
				5B14090124DDE922003626EE /* String+Extension.swift */,
				5B167E3F258588190087DCD4 /* Window+Extension.swift */,
				DABF30842539F14F00E3DF28 /* AppConstants.swift */,
				DABF30AA253AA13B00E3DF28 /* ReuseablePublic.swift */,
				5BC0E39E257DDCC9001A6960 /* DeviceType.swift */,
				5BC0E3C1257E05BC001A6960 /* LoadingView.swift */,
			);
			path = Utilities;
			sourceTree = "<group>";
		};
		5B1408E324DC9C5E003626EE /* Module */ = {
			isa = PBXGroup;
			children = (
				5BE0F300258875E9008FCF10 /* AsyncImage */,
				5B2870BD2586B0E300B1CE95 /* UserResults */,
				5B18FB342585920700069AE5 /* CreateQuiz */,
				5B9991EE2582F17000470B4C /* QuizRouter */,
				5B9991C52582C1D700470B4C /* VerifyPIN */,
				5B1408ED24DD1A23003626EE /* Navigation */,
				DABF309E253A944600E3DF28 /* Credentials */,
				5BE4D1CC24DF6BF800C18A8E /* About */,
				5B1408FE24DDC5EF003626EE /* Home */,
				5B8A078A257C6F95007EEBCE /* QuizResult */,
				5B1408F224DD1ABC003626EE /* Quiz */,
				5B1408F524DD1AD1003626EE /* Settings */,
				5B1408FD24DD2056003626EE /* AccountSettings */,
			);
			path = Module;
			sourceTree = "<group>";
		};
		5B1408E424DC9C70003626EE /* Login */ = {
			isa = PBXGroup;
			children = (
				5B1408DF24DC9C46003626EE /* LoginView.swift */,
			);
			path = Login;
			sourceTree = "<group>";
		};
		5B1408E524DC9C7A003626EE /* Register */ = {
			isa = PBXGroup;
			children = (
				5B1408E124DC9C55003626EE /* RegisterView.swift */,
			);
			path = Register;
			sourceTree = "<group>";
		};
		5B1408ED24DD1A23003626EE /* Navigation */ = {
			isa = PBXGroup;
			children = (
				5B1408E724DC9D57003626EE /* DashboardView.swift */,
				5B1408EE24DD1A33003626EE /* Sidebar.swift */,
				5B1408F624DD1B31003626EE /* TabBar.swift */,
			);
			path = Navigation;
			sourceTree = "<group>";
		};
		5B1408F224DD1ABC003626EE /* Quiz */ = {
			isa = PBXGroup;
			children = (
				DA3FF169257C10430049106F /* QuestionsViewModel.swift */,
				DA3FF16B257C10A00049106F /* QuestionsView.swift */,
				5BC0E3AE257DEA65001A6960 /* QuestionsHomeView.swift */,
			);
			path = Quiz;
			sourceTree = "<group>";
		};
		5B1408F524DD1AD1003626EE /* Settings */ = {
			isa = PBXGroup;
			children = (
				5B1408F324DD1ACD003626EE /* SettingsView.swift */,
			);
			path = Settings;
			sourceTree = "<group>";
		};
		5B1408FD24DD2056003626EE /* AccountSettings */ = {
			isa = PBXGroup;
			children = (
				5B1408FB24DD204C003626EE /* AccountSettingsView.swift */,
			);
			path = AccountSettings;
			sourceTree = "<group>";
		};
		5B1408FE24DDC5EF003626EE /* Home */ = {
			isa = PBXGroup;
			children = (
				5BE4D1E024E0BD5400C18A8E /* DisplayPicture.swift */,
				5B1408FF24DDC897003626EE /* HomeView.swift */,
				5B1C23852583CCD000ADAE8D /* HomeViewModel.swift */,
			);
			path = Home;
			sourceTree = "<group>";
		};
		5B18FB342585920700069AE5 /* CreateQuiz */ = {
			isa = PBXGroup;
			children = (
				5B18FB352585921A00069AE5 /* CreateQuizView.swift */,
				5B18FB3A2585922300069AE5 /* CreateQuizViewModel.swift */,
			);
			path = CreateQuiz;
			sourceTree = "<group>";
		};
		5B2870BD2586B0E300B1CE95 /* UserResults */ = {
			isa = PBXGroup;
			children = (
				5B2870BE2586B0FB00B1CE95 /* UserResultsView.swift */,
				5B2870C32586B10800B1CE95 /* UserResultsViewModel.swift */,
			);
			path = UserResults;
			sourceTree = "<group>";
		};
		5B8A078A257C6F95007EEBCE /* QuizResult */ = {
			isa = PBXGroup;
			children = (
				5B8A078B257C6FAB007EEBCE /* QuizResultView.swift */,
				5B8A0793257C6FD3007EEBCE /* QuizResultViewModel.swift */,
			);
			path = QuizResult;
			sourceTree = "<group>";
		};
		5B9991C52582C1D700470B4C /* VerifyPIN */ = {
			isa = PBXGroup;
			children = (
				5B9991C62582C1E900470B4C /* VerifyPINView.swift */,
				5B9991CE2582C1F500470B4C /* VerifyPINViewModel.swift */,
			);
			path = VerifyPIN;
			sourceTree = "<group>";
		};
		5B9991EE2582F17000470B4C /* QuizRouter */ = {
			isa = PBXGroup;
			children = (
				5BC0E3B7257DF115001A6960 /* HomeRouterView.swift */,
				5BC0E3BC257DF147001A6960 /* ViewRouter.swift */,
			);
			path = QuizRouter;
			sourceTree = "<group>";
		};
		5BC0E3CC257E1459001A6960 /* Resources */ = {
			isa = PBXGroup;
			children = (
				5B6118FB258306980023AABE /* GoogleService-Info.plist */,
				5B1408A424DC9A1D003626EE /* Assets.xcassets */,
				5BE4D1CA24DF546000C18A8E /* Localizable.strings */,
			);
			path = Resources;
			sourceTree = "<group>";
		};
		5BE0F300258875E9008FCF10 /* AsyncImage */ = {
			isa = PBXGroup;
			children = (
				5BE4D1CF24DF6CD400C18A8E /* ImagePicker.swift */,
				5B1408D224DC9B58003626EE /* ImageLoader.swift */,
				5B1408D424DC9B58003626EE /* AsyncImage.swift */,
			);
			path = AsyncImage;
			sourceTree = "<group>";
		};
		5BE4D1BC24DE65BD00C18A8E /* Library */ = {
			isa = PBXGroup;
			children = (
				5BE4D1BF24DF1D2B00C18A8E /* Toast.swift */,
				5BE4D1BD24DE65D100C18A8E /* CloseButton.swift */,
				DA3FF171257C450F0049106F /* AlertProvider.swift */,
			);
			path = Library;
			sourceTree = "<group>";
		};
		5BE4D1CC24DF6BF800C18A8E /* About */ = {
			isa = PBXGroup;
			children = (
				5BE4D1CD24DF6C0900C18A8E /* AboutView.swift */,
			);
			path = About;
			sourceTree = "<group>";
		};
		5EF97833D1A9BA43831E79FE /* Frameworks */ = {
			isa = PBXGroup;
			children = (
				33C2339FE8CFB451CC92791B /* Pods_GiftHunteriOS.framework */,
				F70A5F3B1F90CABA41EA3628 /* Pods_GiftHunteriOS_GiftHunteriOSUITests.framework */,
				B8D304EA7EEF9E12B3A490C1 /* Pods_GiftHunteriOSTests.framework */,
			);
			name = Frameworks;
			sourceTree = "<group>";
		};
		C15EE25611A8F621B6CB2B26 /* Pods */ = {
			isa = PBXGroup;
			children = (
				CDEC04C88803D62CE193FF1E /* Pods-GiftHunteriOS.debug.xcconfig */,
				F1EFD8FEEEE4DD41F63F54D3 /* Pods-GiftHunteriOS.release.xcconfig */,
				2670864A32836F99D26B29CB /* Pods-GiftHunteriOS-GiftHunteriOSUITests.debug.xcconfig */,
				92B45D319DA7FDCD635A1E4F /* Pods-GiftHunteriOS-GiftHunteriOSUITests.release.xcconfig */,
				EF364CA004C988A40D173A05 /* Pods-GiftHunteriOSTests.debug.xcconfig */,
				7F077A4C7AE66155E2F162D7 /* Pods-GiftHunteriOSTests.release.xcconfig */,
			);
			path = Pods;
			sourceTree = "<group>";
		};
		DA3FF12A257BF5690049106F /* BaseStyles */ = {
			isa = PBXGroup;
			children = (
				DA3FF12B257BF5830049106F /* BaseButtonStyle.swift */,
				5BC0E3A3257DDD8F001A6960 /* BaseSize.swift */,
			);
			path = BaseStyles;
			sourceTree = "<group>";
		};
		DABF309E253A944600E3DF28 /* Credentials */ = {
			isa = PBXGroup;
			children = (
				DABF304E2538E33300E3DF28 /* CredentialsView.swift */,
				DABF309F253A947A00E3DF28 /* CredentialsViewModel.swift */,
				5B1408E424DC9C70003626EE /* Login */,
				5B1408E524DC9C7A003626EE /* Register */,
			);
			path = Credentials;
			sourceTree = "<group>";
		};
/* End PBXGroup section */

/* Begin PBXNativeTarget section */
		5B14089C24DC9A1B003626EE /* GiftHunteriOS */ = {
			isa = PBXNativeTarget;
			buildConfigurationList = 5B1408C224DC9A1E003626EE /* Build configuration list for PBXNativeTarget "GiftHunteriOS" */;
			buildPhases = (
				AC6FD6DC0F4A115EB82A18E5 /* [CP] Check Pods Manifest.lock */,
				5B14089924DC9A1B003626EE /* Sources */,
				5B14089A24DC9A1B003626EE /* Frameworks */,
				5B14089B24DC9A1B003626EE /* Resources */,
				CBB6CC85E79972F45EFD848B /* [CP] Embed Pods Frameworks */,
				DABF30532539516300E3DF28 /* SwiftLint */,
			);
			buildRules = (
			);
			dependencies = (
			);
			name = GiftHunteriOS;
			productName = GiftHunteriOS;
			productReference = 5B14089D24DC9A1B003626EE /* GiftHunteriOS.app */;
			productType = "com.apple.product-type.application";
		};
		5B1408AD24DC9A1D003626EE /* GiftHunteriOSTests */ = {
			isa = PBXNativeTarget;
			buildConfigurationList = 5B1408C524DC9A1E003626EE /* Build configuration list for PBXNativeTarget "GiftHunteriOSTests" */;
			buildPhases = (
				324D256D182EC701E3F8F9A2 /* [CP] Check Pods Manifest.lock */,
				5B1408AA24DC9A1D003626EE /* Sources */,
				5B1408AB24DC9A1D003626EE /* Frameworks */,
				5B1408AC24DC9A1D003626EE /* Resources */,
			);
			buildRules = (
			);
			dependencies = (
				5B1408B024DC9A1D003626EE /* PBXTargetDependency */,
			);
			name = GiftHunteriOSTests;
			productName = GiftHunteriOSTests;
			productReference = 5B1408AE24DC9A1D003626EE /* GiftHunteriOSTests.xctest */;
			productType = "com.apple.product-type.bundle.unit-test";
		};
		5B1408B824DC9A1E003626EE /* GiftHunteriOSUITests */ = {
			isa = PBXNativeTarget;
			buildConfigurationList = 5B1408C824DC9A1E003626EE /* Build configuration list for PBXNativeTarget "GiftHunteriOSUITests" */;
			buildPhases = (
				1B599A5A2DC71B856323B3CF /* [CP] Check Pods Manifest.lock */,
				5B1408B524DC9A1E003626EE /* Sources */,
				5B1408B624DC9A1E003626EE /* Frameworks */,
				5B1408B724DC9A1E003626EE /* Resources */,
				488C1CBDC97F4D88FFAD1025 /* [CP] Embed Pods Frameworks */,
			);
			buildRules = (
			);
			dependencies = (
				5B1408BB24DC9A1E003626EE /* PBXTargetDependency */,
			);
			name = GiftHunteriOSUITests;
			productName = GiftHunteriOSUITests;
			productReference = 5B1408B924DC9A1E003626EE /* GiftHunteriOSUITests.xctest */;
			productType = "com.apple.product-type.bundle.ui-testing";
		};
/* End PBXNativeTarget section */

/* Begin PBXProject section */
		5B14089524DC9A1B003626EE /* Project object */ = {
			isa = PBXProject;
			attributes = {
				LastSwiftUpdateCheck = 1200;
				LastUpgradeCheck = 1200;
				TargetAttributes = {
					5B14089C24DC9A1B003626EE = {
						CreatedOnToolsVersion = 12.0;
					};
					5B1408AD24DC9A1D003626EE = {
						CreatedOnToolsVersion = 12.0;
						TestTargetID = 5B14089C24DC9A1B003626EE;
					};
					5B1408B824DC9A1E003626EE = {
						CreatedOnToolsVersion = 12.0;
						TestTargetID = 5B14089C24DC9A1B003626EE;
					};
				};
			};
			buildConfigurationList = 5B14089824DC9A1B003626EE /* Build configuration list for PBXProject "GiftHunteriOS" */;
			compatibilityVersion = "Xcode 9.3";
			developmentRegion = en;
			hasScannedForEncodings = 0;
			knownRegions = (
				en,
				Base,
				"ml-IN",
			);
			mainGroup = 5B14089424DC9A1B003626EE;
			productRefGroup = 5B14089E24DC9A1B003626EE /* Products */;
			projectDirPath = "";
			projectRoot = "";
			targets = (
				5B14089C24DC9A1B003626EE /* GiftHunteriOS */,
				5B1408AD24DC9A1D003626EE /* GiftHunteriOSTests */,
				5B1408B824DC9A1E003626EE /* GiftHunteriOSUITests */,
			);
		};
/* End PBXProject section */

/* Begin PBXResourcesBuildPhase section */
		5B14089B24DC9A1B003626EE /* Resources */ = {
			isa = PBXResourcesBuildPhase;
			buildActionMask = 2147483647;
			files = (
				5B1408A824DC9A1D003626EE /* Preview Assets.xcassets in Resources */,
				5BE4D1C824DF546000C18A8E /* Localizable.strings in Resources */,
				5B6118FC258306980023AABE /* GoogleService-Info.plist in Resources */,
				5B1408A524DC9A1D003626EE /* Assets.xcassets in Resources */,
			);
			runOnlyForDeploymentPostprocessing = 0;
		};
		5B1408AC24DC9A1D003626EE /* Resources */ = {
			isa = PBXResourcesBuildPhase;
			buildActionMask = 2147483647;
			files = (
			);
			runOnlyForDeploymentPostprocessing = 0;
		};
		5B1408B724DC9A1E003626EE /* Resources */ = {
			isa = PBXResourcesBuildPhase;
			buildActionMask = 2147483647;
			files = (
			);
			runOnlyForDeploymentPostprocessing = 0;
		};
/* End PBXResourcesBuildPhase section */

/* Begin PBXShellScriptBuildPhase section */
		1B599A5A2DC71B856323B3CF /* [CP] Check Pods Manifest.lock */ = {
			isa = PBXShellScriptBuildPhase;
			buildActionMask = 2147483647;
			files = (
			);
			inputFileListPaths = (
			);
			inputPaths = (
				"${PODS_PODFILE_DIR_PATH}/Podfile.lock",
				"${PODS_ROOT}/Manifest.lock",
			);
			name = "[CP] Check Pods Manifest.lock";
			outputFileListPaths = (
			);
			outputPaths = (
				"$(DERIVED_FILE_DIR)/Pods-GiftHunteriOS-GiftHunteriOSUITests-checkManifestLockResult.txt",
			);
			runOnlyForDeploymentPostprocessing = 0;
			shellPath = /bin/sh;
			shellScript = "diff \"${PODS_PODFILE_DIR_PATH}/Podfile.lock\" \"${PODS_ROOT}/Manifest.lock\" > /dev/null\nif [ $? != 0 ] ; then\n    # print error to STDERR\n    echo \"error: The sandbox is not in sync with the Podfile.lock. Run 'pod install' or update your CocoaPods installation.\" >&2\n    exit 1\nfi\n# This output is used by Xcode 'outputs' to avoid re-running this script phase.\necho \"SUCCESS\" > \"${SCRIPT_OUTPUT_FILE_0}\"\n";
			showEnvVarsInLog = 0;
		};
		324D256D182EC701E3F8F9A2 /* [CP] Check Pods Manifest.lock */ = {
			isa = PBXShellScriptBuildPhase;
			buildActionMask = 2147483647;
			files = (
			);
			inputFileListPaths = (
			);
			inputPaths = (
				"${PODS_PODFILE_DIR_PATH}/Podfile.lock",
				"${PODS_ROOT}/Manifest.lock",
			);
			name = "[CP] Check Pods Manifest.lock";
			outputFileListPaths = (
			);
			outputPaths = (
				"$(DERIVED_FILE_DIR)/Pods-GiftHunteriOSTests-checkManifestLockResult.txt",
			);
			runOnlyForDeploymentPostprocessing = 0;
			shellPath = /bin/sh;
			shellScript = "diff \"${PODS_PODFILE_DIR_PATH}/Podfile.lock\" \"${PODS_ROOT}/Manifest.lock\" > /dev/null\nif [ $? != 0 ] ; then\n    # print error to STDERR\n    echo \"error: The sandbox is not in sync with the Podfile.lock. Run 'pod install' or update your CocoaPods installation.\" >&2\n    exit 1\nfi\n# This output is used by Xcode 'outputs' to avoid re-running this script phase.\necho \"SUCCESS\" > \"${SCRIPT_OUTPUT_FILE_0}\"\n";
			showEnvVarsInLog = 0;
		};
		488C1CBDC97F4D88FFAD1025 /* [CP] Embed Pods Frameworks */ = {
			isa = PBXShellScriptBuildPhase;
			buildActionMask = 2147483647;
			files = (
			);
			inputFileListPaths = (
				"${PODS_ROOT}/Target Support Files/Pods-GiftHunteriOS-GiftHunteriOSUITests/Pods-GiftHunteriOS-GiftHunteriOSUITests-frameworks-${CONFIGURATION}-input-files.xcfilelist",
			);
			name = "[CP] Embed Pods Frameworks";
			outputFileListPaths = (
				"${PODS_ROOT}/Target Support Files/Pods-GiftHunteriOS-GiftHunteriOSUITests/Pods-GiftHunteriOS-GiftHunteriOSUITests-frameworks-${CONFIGURATION}-output-files.xcfilelist",
			);
			runOnlyForDeploymentPostprocessing = 0;
			shellPath = /bin/sh;
			shellScript = "\"${PODS_ROOT}/Target Support Files/Pods-GiftHunteriOS-GiftHunteriOSUITests/Pods-GiftHunteriOS-GiftHunteriOSUITests-frameworks.sh\"\n";
			showEnvVarsInLog = 0;
		};
		AC6FD6DC0F4A115EB82A18E5 /* [CP] Check Pods Manifest.lock */ = {
			isa = PBXShellScriptBuildPhase;
			buildActionMask = 2147483647;
			files = (
			);
			inputFileListPaths = (
			);
			inputPaths = (
				"${PODS_PODFILE_DIR_PATH}/Podfile.lock",
				"${PODS_ROOT}/Manifest.lock",
			);
			name = "[CP] Check Pods Manifest.lock";
			outputFileListPaths = (
			);
			outputPaths = (
				"$(DERIVED_FILE_DIR)/Pods-GiftHunteriOS-checkManifestLockResult.txt",
			);
			runOnlyForDeploymentPostprocessing = 0;
			shellPath = /bin/sh;
			shellScript = "diff \"${PODS_PODFILE_DIR_PATH}/Podfile.lock\" \"${PODS_ROOT}/Manifest.lock\" > /dev/null\nif [ $? != 0 ] ; then\n    # print error to STDERR\n    echo \"error: The sandbox is not in sync with the Podfile.lock. Run 'pod install' or update your CocoaPods installation.\" >&2\n    exit 1\nfi\n# This output is used by Xcode 'outputs' to avoid re-running this script phase.\necho \"SUCCESS\" > \"${SCRIPT_OUTPUT_FILE_0}\"\n";
			showEnvVarsInLog = 0;
		};
		CBB6CC85E79972F45EFD848B /* [CP] Embed Pods Frameworks */ = {
			isa = PBXShellScriptBuildPhase;
			buildActionMask = 2147483647;
			files = (
			);
			inputFileListPaths = (
				"${PODS_ROOT}/Target Support Files/Pods-GiftHunteriOS/Pods-GiftHunteriOS-frameworks-${CONFIGURATION}-input-files.xcfilelist",
			);
			name = "[CP] Embed Pods Frameworks";
			outputFileListPaths = (
				"${PODS_ROOT}/Target Support Files/Pods-GiftHunteriOS/Pods-GiftHunteriOS-frameworks-${CONFIGURATION}-output-files.xcfilelist",
			);
			runOnlyForDeploymentPostprocessing = 0;
			shellPath = /bin/sh;
			shellScript = "\"${PODS_ROOT}/Target Support Files/Pods-GiftHunteriOS/Pods-GiftHunteriOS-frameworks.sh\"\n";
			showEnvVarsInLog = 0;
		};
		DABF30532539516300E3DF28 /* SwiftLint */ = {
			isa = PBXShellScriptBuildPhase;
			buildActionMask = 2147483647;
			files = (
			);
			inputFileListPaths = (
			);
			inputPaths = (
			);
			name = SwiftLint;
			outputFileListPaths = (
			);
			outputPaths = (
			);
			runOnlyForDeploymentPostprocessing = 0;
			shellPath = /bin/sh;
			shellScript = "if which swiftlint > /dev/null; then\n    swiftlint\nelse\n    echo \"warning: SwiftGen not installed, download it from https://github.com/realm/SwiftLint\"\nfi\n";
		};
/* End PBXShellScriptBuildPhase section */

/* Begin PBXSourcesBuildPhase section */
		5B14089924DC9A1B003626EE /* Sources */ = {
			isa = PBXSourcesBuildPhase;
			buildActionMask = 2147483647;
			files = (
				5B1408E224DC9C55003626EE /* RegisterView.swift in Sources */,
				5B8A079C257CD85D007EEBCE /* Status.swift in Sources */,
				5B2870C42586B10800B1CE95 /* UserResultsViewModel.swift in Sources */,
				DABF30852539F14F00E3DF28 /* AppConstants.swift in Sources */,
				5B1C23862583CCD000ADAE8D /* HomeViewModel.swift in Sources */,
				5BE4D1E124E0BD5400C18A8E /* DisplayPicture.swift in Sources */,
				5BCA9CC1258A940300B54022 /* QuizService.swift in Sources */,
				5B1408E824DC9D57003626EE /* DashboardView.swift in Sources */,
				5BC0E3C2257E05BC001A6960 /* LoadingView.swift in Sources */,
				5B1408FC24DD204C003626EE /* AccountSettingsView.swift in Sources */,
				5BC0E39F257DDCC9001A6960 /* DeviceType.swift in Sources */,
				DAA0CFE5257B2A1700346647 /* Quiz.swift in Sources */,
				5BC0E3B8257DF115001A6960 /* HomeRouterView.swift in Sources */,
				5B1ECCCD24DE26EA0077BFBC /* FirebaseDataService.swift in Sources */,
				5B8A0794257C6FD3007EEBCE /* QuizResultViewModel.swift in Sources */,
				5B167E40258588190087DCD4 /* Window+Extension.swift in Sources */,
				5B1408D724DC9B58003626EE /* AsyncImage.swift in Sources */,
				5B14090224DDE922003626EE /* String+Extension.swift in Sources */,
				5B1408DE24DC9C07003626EE /* WebViewController.swift in Sources */,
				5B18FB3B2585922300069AE5 /* CreateQuizViewModel.swift in Sources */,
				5B1408D024DC9B39003626EE /* User.swift in Sources */,
				5B18FB362585921A00069AE5 /* CreateQuizView.swift in Sources */,
				5B2870C92586CAFB00B1CE95 /* UserResult.swift in Sources */,
				5B2870BF2586B0FB00B1CE95 /* UserResultsView.swift in Sources */,
				DABF308A2539FB5800E3DF28 /* APIError.swift in Sources */,
				5B1408F724DD1B31003626EE /* TabBar.swift in Sources */,
				5B1408DC24DC9BFF003626EE /* View+Extension.swift in Sources */,
				5B1408CD24DC9A68003626EE /* FirebaseSession.swift in Sources */,
				5BE4D1C024DF1D2B00C18A8E /* Toast.swift in Sources */,
				5B1408F424DD1ACD003626EE /* SettingsView.swift in Sources */,
				5BE4D1BE24DE65D100C18A8E /* CloseButton.swift in Sources */,
				5BC0E3A4257DDD8F001A6960 /* BaseSize.swift in Sources */,
				5BE4D1D024DF6CD400C18A8E /* ImagePicker.swift in Sources */,
				5BC0E3BD257DF147001A6960 /* ViewRouter.swift in Sources */,
				5B14090024DDC897003626EE /* HomeView.swift in Sources */,
				DABF30A0253A947A00E3DF28 /* CredentialsViewModel.swift in Sources */,
				5BC0E3AF257DEA65001A6960 /* QuestionsHomeView.swift in Sources */,
				5B1408D524DC9B58003626EE /* ImageLoader.swift in Sources */,
				DA3FF12C257BF5830049106F /* BaseButtonStyle.swift in Sources */,
				5B14090624DDEC9C003626EE /* Questions.swift in Sources */,
				5B1408DA24DC9BFA003626EE /* Localizations.swift in Sources */,
				5B1408A324DC9A1B003626EE /* ContentView.swift in Sources */,
				5B167E3425852F620087DCD4 /* ViewList.swift in Sources */,
				DA3FF16A257C10430049106F /* QuestionsViewModel.swift in Sources */,
				DA3FF172257C450F0049106F /* AlertProvider.swift in Sources */,
				5B18FB402585E85C00069AE5 /* Profile.swift in Sources */,
				5BE4D1CE24DF6C0900C18A8E /* AboutView.swift in Sources */,
				DABF30AB253AA13B00E3DF28 /* ReuseablePublic.swift in Sources */,
				5B1408E024DC9C46003626EE /* LoginView.swift in Sources */,
				DA3FF16C257C10A00049106F /* QuestionsView.swift in Sources */,
				DAA0CFE0257B272A00346647 /* ScoreBoard.swift in Sources */,
				5B1408EF24DD1A33003626EE /* Sidebar.swift in Sources */,
				5B9991C72582C1E900470B4C /* VerifyPINView.swift in Sources */,
				5B1408A124DC9A1B003626EE /* GiftHunteriOSApp.swift in Sources */,
				5B9991CF2582C1F500470B4C /* VerifyPINViewModel.swift in Sources */,
				5B8A078C257C6FAB007EEBCE /* QuizResultView.swift in Sources */,
				DABF304F2538E33300E3DF28 /* CredentialsView.swift in Sources */,
				DABF308F253A1F2A00E3DF28 /* Monitor.swift in Sources */,
			);
			runOnlyForDeploymentPostprocessing = 0;
		};
		5B1408AA24DC9A1D003626EE /* Sources */ = {
			isa = PBXSourcesBuildPhase;
			buildActionMask = 2147483647;
			files = (
				5B1408B324DC9A1D003626EE /* GiftHunteriOSTests.swift in Sources */,
			);
			runOnlyForDeploymentPostprocessing = 0;
		};
		5B1408B524DC9A1E003626EE /* Sources */ = {
			isa = PBXSourcesBuildPhase;
			buildActionMask = 2147483647;
			files = (
				DABF30CF253AA67800E3DF28 /* CredentialsUITest.swift in Sources */,
				DABF30D6254119B900E3DF28 /* BaseTestProtocol.swift in Sources */,
				5B1408BE24DC9A1E003626EE /* GiftHunteriOSUITests.swift in Sources */,
				DABF30DB254121CC00E3DF28 /* BaseTestClass.swift in Sources */,
			);
			runOnlyForDeploymentPostprocessing = 0;
		};
/* End PBXSourcesBuildPhase section */

/* Begin PBXTargetDependency section */
		5B1408B024DC9A1D003626EE /* PBXTargetDependency */ = {
			isa = PBXTargetDependency;
			target = 5B14089C24DC9A1B003626EE /* GiftHunteriOS */;
			targetProxy = 5B1408AF24DC9A1D003626EE /* PBXContainerItemProxy */;
		};
		5B1408BB24DC9A1E003626EE /* PBXTargetDependency */ = {
			isa = PBXTargetDependency;
			target = 5B14089C24DC9A1B003626EE /* GiftHunteriOS */;
			targetProxy = 5B1408BA24DC9A1E003626EE /* PBXContainerItemProxy */;
		};
/* End PBXTargetDependency section */

/* Begin PBXVariantGroup section */
		5BE4D1CA24DF546000C18A8E /* Localizable.strings */ = {
			isa = PBXVariantGroup;
			children = (
				5BE4D1C924DF546000C18A8E /* en */,
				DABF30CA253AA44800E3DF28 /* ml-IN */,
			);
			name = Localizable.strings;
			sourceTree = "<group>";
		};
/* End PBXVariantGroup section */

/* Begin XCBuildConfiguration section */
		5B1408C024DC9A1E003626EE /* Debug */ = {
			isa = XCBuildConfiguration;
			buildSettings = {
				ALWAYS_SEARCH_USER_PATHS = NO;
				CLANG_ANALYZER_LOCALIZABILITY_NONLOCALIZED = YES;
				CLANG_ANALYZER_NONNULL = YES;
				CLANG_ANALYZER_NUMBER_OBJECT_CONVERSION = YES_AGGRESSIVE;
				CLANG_CXX_LANGUAGE_STANDARD = "gnu++14";
				CLANG_CXX_LIBRARY = "libc++";
				CLANG_ENABLE_MODULES = YES;
				CLANG_ENABLE_OBJC_ARC = YES;
				CLANG_ENABLE_OBJC_WEAK = YES;
				CLANG_WARN_BLOCK_CAPTURE_AUTORELEASING = YES;
				CLANG_WARN_BOOL_CONVERSION = YES;
				CLANG_WARN_COMMA = YES;
				CLANG_WARN_CONSTANT_CONVERSION = YES;
				CLANG_WARN_DEPRECATED_OBJC_IMPLEMENTATIONS = YES;
				CLANG_WARN_DIRECT_OBJC_ISA_USAGE = YES_ERROR;
				CLANG_WARN_DOCUMENTATION_COMMENTS = YES;
				CLANG_WARN_EMPTY_BODY = YES;
				CLANG_WARN_ENUM_CONVERSION = YES;
				CLANG_WARN_INFINITE_RECURSION = YES;
				CLANG_WARN_INT_CONVERSION = YES;
				CLANG_WARN_NON_LITERAL_NULL_CONVERSION = YES;
				CLANG_WARN_OBJC_IMPLICIT_RETAIN_SELF = YES;
				CLANG_WARN_OBJC_LITERAL_CONVERSION = YES;
				CLANG_WARN_OBJC_ROOT_CLASS = YES_ERROR;
				CLANG_WARN_QUOTED_INCLUDE_IN_FRAMEWORK_HEADER = YES;
				CLANG_WARN_RANGE_LOOP_ANALYSIS = YES;
				CLANG_WARN_STRICT_PROTOTYPES = YES;
				CLANG_WARN_SUSPICIOUS_MOVE = YES;
				CLANG_WARN_UNGUARDED_AVAILABILITY = YES_AGGRESSIVE;
				CLANG_WARN_UNREACHABLE_CODE = YES;
				CLANG_WARN__DUPLICATE_METHOD_MATCH = YES;
				COPY_PHASE_STRIP = NO;
				DEBUG_INFORMATION_FORMAT = dwarf;
				ENABLE_STRICT_OBJC_MSGSEND = YES;
				ENABLE_TESTABILITY = YES;
				GCC_C_LANGUAGE_STANDARD = gnu11;
				GCC_DYNAMIC_NO_PIC = NO;
				GCC_NO_COMMON_BLOCKS = YES;
				GCC_OPTIMIZATION_LEVEL = 0;
				GCC_PREPROCESSOR_DEFINITIONS = (
					"DEBUG=1",
					"$(inherited)",
				);
				GCC_WARN_64_TO_32_BIT_CONVERSION = YES;
				GCC_WARN_ABOUT_RETURN_TYPE = YES_ERROR;
				GCC_WARN_UNDECLARED_SELECTOR = YES;
				GCC_WARN_UNINITIALIZED_AUTOS = YES_AGGRESSIVE;
				GCC_WARN_UNUSED_FUNCTION = YES;
				GCC_WARN_UNUSED_VARIABLE = YES;
				IPHONEOS_DEPLOYMENT_TARGET = 12.0;
				MTL_ENABLE_DEBUG_INFO = INCLUDE_SOURCE;
				MTL_FAST_MATH = YES;
				ONLY_ACTIVE_ARCH = YES;
				SDKROOT = iphoneos;
				SWIFT_ACTIVE_COMPILATION_CONDITIONS = DEBUG;
				SWIFT_OPTIMIZATION_LEVEL = "-Onone";
			};
			name = Debug;
		};
		5B1408C124DC9A1E003626EE /* Release */ = {
			isa = XCBuildConfiguration;
			buildSettings = {
				ALWAYS_SEARCH_USER_PATHS = NO;
				CLANG_ANALYZER_LOCALIZABILITY_NONLOCALIZED = YES;
				CLANG_ANALYZER_NONNULL = YES;
				CLANG_ANALYZER_NUMBER_OBJECT_CONVERSION = YES_AGGRESSIVE;
				CLANG_CXX_LANGUAGE_STANDARD = "gnu++14";
				CLANG_CXX_LIBRARY = "libc++";
				CLANG_ENABLE_MODULES = YES;
				CLANG_ENABLE_OBJC_ARC = YES;
				CLANG_ENABLE_OBJC_WEAK = YES;
				CLANG_WARN_BLOCK_CAPTURE_AUTORELEASING = YES;
				CLANG_WARN_BOOL_CONVERSION = YES;
				CLANG_WARN_COMMA = YES;
				CLANG_WARN_CONSTANT_CONVERSION = YES;
				CLANG_WARN_DEPRECATED_OBJC_IMPLEMENTATIONS = YES;
				CLANG_WARN_DIRECT_OBJC_ISA_USAGE = YES_ERROR;
				CLANG_WARN_DOCUMENTATION_COMMENTS = YES;
				CLANG_WARN_EMPTY_BODY = YES;
				CLANG_WARN_ENUM_CONVERSION = YES;
				CLANG_WARN_INFINITE_RECURSION = YES;
				CLANG_WARN_INT_CONVERSION = YES;
				CLANG_WARN_NON_LITERAL_NULL_CONVERSION = YES;
				CLANG_WARN_OBJC_IMPLICIT_RETAIN_SELF = YES;
				CLANG_WARN_OBJC_LITERAL_CONVERSION = YES;
				CLANG_WARN_OBJC_ROOT_CLASS = YES_ERROR;
				CLANG_WARN_QUOTED_INCLUDE_IN_FRAMEWORK_HEADER = YES;
				CLANG_WARN_RANGE_LOOP_ANALYSIS = YES;
				CLANG_WARN_STRICT_PROTOTYPES = YES;
				CLANG_WARN_SUSPICIOUS_MOVE = YES;
				CLANG_WARN_UNGUARDED_AVAILABILITY = YES_AGGRESSIVE;
				CLANG_WARN_UNREACHABLE_CODE = YES;
				CLANG_WARN__DUPLICATE_METHOD_MATCH = YES;
				COPY_PHASE_STRIP = NO;
				DEBUG_INFORMATION_FORMAT = "dwarf-with-dsym";
				ENABLE_NS_ASSERTIONS = NO;
				ENABLE_STRICT_OBJC_MSGSEND = YES;
				GCC_C_LANGUAGE_STANDARD = gnu11;
				GCC_NO_COMMON_BLOCKS = YES;
				GCC_WARN_64_TO_32_BIT_CONVERSION = YES;
				GCC_WARN_ABOUT_RETURN_TYPE = YES_ERROR;
				GCC_WARN_UNDECLARED_SELECTOR = YES;
				GCC_WARN_UNINITIALIZED_AUTOS = YES_AGGRESSIVE;
				GCC_WARN_UNUSED_FUNCTION = YES;
				GCC_WARN_UNUSED_VARIABLE = YES;
				IPHONEOS_DEPLOYMENT_TARGET = 12.0;
				MTL_ENABLE_DEBUG_INFO = NO;
				MTL_FAST_MATH = YES;
				SDKROOT = iphoneos;
				SWIFT_COMPILATION_MODE = wholemodule;
				SWIFT_OPTIMIZATION_LEVEL = "-O";
				VALIDATE_PRODUCT = YES;
			};
			name = Release;
		};
		5B1408C324DC9A1E003626EE /* Debug */ = {
			isa = XCBuildConfiguration;
			baseConfigurationReference = CDEC04C88803D62CE193FF1E /* Pods-GiftHunteriOS.debug.xcconfig */;
			buildSettings = {
				ASSETCATALOG_COMPILER_APPICON_NAME = AppIcon;
				ASSETCATALOG_COMPILER_GLOBAL_ACCENT_COLOR_NAME = AccentColor;
				CLANG_WARN_QUOTED_INCLUDE_IN_FRAMEWORK_HEADER = YES;
				CODE_SIGN_ENTITLEMENTS = GiftHunteriOS/GiftHunteriOS.entitlements;
				CODE_SIGN_STYLE = Automatic;
				DEVELOPMENT_ASSET_PATHS = "\"GiftHunteriOS/Preview Content\"";
				DEVELOPMENT_TEAM = J6QU4CTJD7;
				ENABLE_PREVIEWS = YES;
				INFOPLIST_FILE = GiftHunteriOS/Info.plist;
				IPHONEOS_DEPLOYMENT_TARGET = 14.0;
				LD_RUNPATH_SEARCH_PATHS = (
					"$(inherited)",
					"@executable_path/Frameworks",
				);
				PRODUCT_BUNDLE_IDENTIFIER = com.pixycoders.GiftHunteriOS;
				PRODUCT_NAME = "$(TARGET_NAME)";
				SUPPORTS_MACCATALYST = YES;
				SWIFT_VERSION = 5.0;
				TARGETED_DEVICE_FAMILY = "1,2";
			};
			name = Debug;
		};
		5B1408C424DC9A1E003626EE /* Release */ = {
			isa = XCBuildConfiguration;
			baseConfigurationReference = F1EFD8FEEEE4DD41F63F54D3 /* Pods-GiftHunteriOS.release.xcconfig */;
			buildSettings = {
				ASSETCATALOG_COMPILER_APPICON_NAME = AppIcon;
				ASSETCATALOG_COMPILER_GLOBAL_ACCENT_COLOR_NAME = AccentColor;
				CLANG_WARN_QUOTED_INCLUDE_IN_FRAMEWORK_HEADER = YES;
				CODE_SIGN_ENTITLEMENTS = GiftHunteriOS/GiftHunteriOS.entitlements;
				CODE_SIGN_STYLE = Automatic;
				DEVELOPMENT_ASSET_PATHS = "\"GiftHunteriOS/Preview Content\"";
				DEVELOPMENT_TEAM = J6QU4CTJD7;
				ENABLE_PREVIEWS = YES;
				INFOPLIST_FILE = GiftHunteriOS/Info.plist;
				IPHONEOS_DEPLOYMENT_TARGET = 14.0;
				LD_RUNPATH_SEARCH_PATHS = (
					"$(inherited)",
					"@executable_path/Frameworks",
				);
				PRODUCT_BUNDLE_IDENTIFIER = com.pixycoders.GiftHunteriOS;
				PRODUCT_NAME = "$(TARGET_NAME)";
				SUPPORTS_MACCATALYST = YES;
				SWIFT_VERSION = 5.0;
				TARGETED_DEVICE_FAMILY = "1,2";
			};
			name = Release;
		};
		5B1408C624DC9A1E003626EE /* Debug */ = {
			isa = XCBuildConfiguration;
			baseConfigurationReference = EF364CA004C988A40D173A05 /* Pods-GiftHunteriOSTests.debug.xcconfig */;
			buildSettings = {
				ALWAYS_EMBED_SWIFT_STANDARD_LIBRARIES = YES;
				BUNDLE_LOADER = "$(TEST_HOST)";
				CODE_SIGN_STYLE = Automatic;
				DEVELOPMENT_TEAM = J6QU4CTJD7;
				INFOPLIST_FILE = GiftHunteriOSTests/Info.plist;
				IPHONEOS_DEPLOYMENT_TARGET = 14.0;
				LD_RUNPATH_SEARCH_PATHS = (
					"$(inherited)",
					"@executable_path/Frameworks",
					"@loader_path/Frameworks",
				);
				PRODUCT_BUNDLE_IDENTIFIER = com.pixycoders.GiftHunteriOSTests;
				PRODUCT_NAME = "$(TARGET_NAME)";
				SWIFT_VERSION = 5.0;
				TARGETED_DEVICE_FAMILY = "1,2";
				TEST_HOST = "$(BUILT_PRODUCTS_DIR)/GiftHunteriOS.app/GiftHunteriOS";
			};
			name = Debug;
		};
		5B1408C724DC9A1E003626EE /* Release */ = {
			isa = XCBuildConfiguration;
			baseConfigurationReference = 7F077A4C7AE66155E2F162D7 /* Pods-GiftHunteriOSTests.release.xcconfig */;
			buildSettings = {
				ALWAYS_EMBED_SWIFT_STANDARD_LIBRARIES = YES;
				BUNDLE_LOADER = "$(TEST_HOST)";
				CODE_SIGN_STYLE = Automatic;
				DEVELOPMENT_TEAM = J6QU4CTJD7;
				INFOPLIST_FILE = GiftHunteriOSTests/Info.plist;
				IPHONEOS_DEPLOYMENT_TARGET = 14.0;
				LD_RUNPATH_SEARCH_PATHS = (
					"$(inherited)",
					"@executable_path/Frameworks",
					"@loader_path/Frameworks",
				);
				PRODUCT_BUNDLE_IDENTIFIER = com.pixycoders.GiftHunteriOSTests;
				PRODUCT_NAME = "$(TARGET_NAME)";
				SWIFT_VERSION = 5.0;
				TARGETED_DEVICE_FAMILY = "1,2";
				TEST_HOST = "$(BUILT_PRODUCTS_DIR)/GiftHunteriOS.app/GiftHunteriOS";
			};
			name = Release;
		};
		5B1408C924DC9A1E003626EE /* Debug */ = {
			isa = XCBuildConfiguration;
			baseConfigurationReference = 2670864A32836F99D26B29CB /* Pods-GiftHunteriOS-GiftHunteriOSUITests.debug.xcconfig */;
			buildSettings = {
				ALWAYS_EMBED_SWIFT_STANDARD_LIBRARIES = YES;
				CODE_SIGN_STYLE = Automatic;
				DEVELOPMENT_TEAM = J6QU4CTJD7;
				INFOPLIST_FILE = GiftHunteriOSUITests/Info.plist;
				LD_RUNPATH_SEARCH_PATHS = (
					"$(inherited)",
					"@executable_path/Frameworks",
					"@loader_path/Frameworks",
				);
				PRODUCT_BUNDLE_IDENTIFIER = com.pixycoders.GiftHunteriOSUITests;
				PRODUCT_NAME = "$(TARGET_NAME)";
				SWIFT_VERSION = 5.0;
				TARGETED_DEVICE_FAMILY = "1,2";
				TEST_TARGET_NAME = GiftHunteriOS;
			};
			name = Debug;
		};
		5B1408CA24DC9A1E003626EE /* Release */ = {
			isa = XCBuildConfiguration;
			baseConfigurationReference = 92B45D319DA7FDCD635A1E4F /* Pods-GiftHunteriOS-GiftHunteriOSUITests.release.xcconfig */;
			buildSettings = {
				ALWAYS_EMBED_SWIFT_STANDARD_LIBRARIES = YES;
				CODE_SIGN_STYLE = Automatic;
				DEVELOPMENT_TEAM = J6QU4CTJD7;
				INFOPLIST_FILE = GiftHunteriOSUITests/Info.plist;
				LD_RUNPATH_SEARCH_PATHS = (
					"$(inherited)",
					"@executable_path/Frameworks",
					"@loader_path/Frameworks",
				);
				PRODUCT_BUNDLE_IDENTIFIER = com.pixycoders.GiftHunteriOSUITests;
				PRODUCT_NAME = "$(TARGET_NAME)";
				SWIFT_VERSION = 5.0;
				TARGETED_DEVICE_FAMILY = "1,2";
				TEST_TARGET_NAME = GiftHunteriOS;
			};
			name = Release;
		};
/* End XCBuildConfiguration section */

/* Begin XCConfigurationList section */
		5B14089824DC9A1B003626EE /* Build configuration list for PBXProject "GiftHunteriOS" */ = {
			isa = XCConfigurationList;
			buildConfigurations = (
				5B1408C024DC9A1E003626EE /* Debug */,
				5B1408C124DC9A1E003626EE /* Release */,
			);
			defaultConfigurationIsVisible = 0;
			defaultConfigurationName = Release;
		};
		5B1408C224DC9A1E003626EE /* Build configuration list for PBXNativeTarget "GiftHunteriOS" */ = {
			isa = XCConfigurationList;
			buildConfigurations = (
				5B1408C324DC9A1E003626EE /* Debug */,
				5B1408C424DC9A1E003626EE /* Release */,
			);
			defaultConfigurationIsVisible = 0;
			defaultConfigurationName = Release;
		};
		5B1408C524DC9A1E003626EE /* Build configuration list for PBXNativeTarget "GiftHunteriOSTests" */ = {
			isa = XCConfigurationList;
			buildConfigurations = (
				5B1408C624DC9A1E003626EE /* Debug */,
				5B1408C724DC9A1E003626EE /* Release */,
			);
			defaultConfigurationIsVisible = 0;
			defaultConfigurationName = Release;
		};
		5B1408C824DC9A1E003626EE /* Build configuration list for PBXNativeTarget "GiftHunteriOSUITests" */ = {
			isa = XCConfigurationList;
			buildConfigurations = (
				5B1408C924DC9A1E003626EE /* Debug */,
				5B1408CA24DC9A1E003626EE /* Release */,
			);
			defaultConfigurationIsVisible = 0;
			defaultConfigurationName = Release;
		};
/* End XCConfigurationList section */
	};
	rootObject = 5B14089524DC9A1B003626EE /* Project object */;
}
